// !$*UTF8*$!
{
	archiveVersion = 1;
	classes = {
	};
	objectVersion = 46;
	objects = {

/* Begin PBXBuildFile section */
		B349251D1E0F9EB300C2916E /* AppDelegate.swift in Sources */ = {isa = PBXBuildFile; fileRef = B349251C1E0F9EB300C2916E /* AppDelegate.swift */; };
		B349251F1E0F9EB300C2916E /* GameScene.sks in Resources */ = {isa = PBXBuildFile; fileRef = B349251E1E0F9EB300C2916E /* GameScene.sks */; };
		B34925211E0F9EB300C2916E /* Actions.sks in Resources */ = {isa = PBXBuildFile; fileRef = B34925201E0F9EB300C2916E /* Actions.sks */; };
		B34925231E0F9EB300C2916E /* GameScene.swift in Sources */ = {isa = PBXBuildFile; fileRef = B34925221E0F9EB300C2916E /* GameScene.swift */; };
		B34925251E0F9EB300C2916E /* GameViewController.swift in Sources */ = {isa = PBXBuildFile; fileRef = B34925241E0F9EB300C2916E /* GameViewController.swift */; };
		B34925281E0F9EB300C2916E /* Main.storyboard in Resources */ = {isa = PBXBuildFile; fileRef = B34925261E0F9EB300C2916E /* Main.storyboard */; };
		B34FB65B1EA1026D00CEB147 /* tut1.png in Resources */ = {isa = PBXBuildFile; fileRef = B34FB6521EA1026D00CEB147 /* tut1.png */; };
		B34FB65C1EA1026D00CEB147 /* tut2.png in Resources */ = {isa = PBXBuildFile; fileRef = B34FB6531EA1026D00CEB147 /* tut2.png */; };
		B34FB65D1EA1026D00CEB147 /* tut3.png in Resources */ = {isa = PBXBuildFile; fileRef = B34FB6541EA1026D00CEB147 /* tut3.png */; };
		B34FB65E1EA1026D00CEB147 /* tut4.png in Resources */ = {isa = PBXBuildFile; fileRef = B34FB6551EA1026D00CEB147 /* tut4.png */; };
		B34FB65F1EA1026D00CEB147 /* tut5.png in Resources */ = {isa = PBXBuildFile; fileRef = B34FB6561EA1026D00CEB147 /* tut5.png */; };
		B34FB6611EA1026D00CEB147 /* tut7.png in Resources */ = {isa = PBXBuildFile; fileRef = B34FB6581EA1026D00CEB147 /* tut7.png */; };
		B34FB6621EA1026D00CEB147 /* tut8.png in Resources */ = {isa = PBXBuildFile; fileRef = B34FB6591EA1026D00CEB147 /* tut8.png */; };
		B34FB6631EA1026D00CEB147 /* tut9.png in Resources */ = {isa = PBXBuildFile; fileRef = B34FB65A1EA1026D00CEB147 /* tut9.png */; };
		B34FB6651EA1056300CEB147 /* tut6.png in Resources */ = {isa = PBXBuildFile; fileRef = B34FB6641EA1056300CEB147 /* tut6.png */; };
		B35BC13C1E90C43A00CA88EF /* Default-568h@2x.png in Resources */ = {isa = PBXBuildFile; fileRef = B35BC13B1E90C43A00CA88EF /* Default-568h@2x.png */; };
		B3879B391E7F6C1F009C3185 /* Tutorial.sks in Resources */ = {isa = PBXBuildFile; fileRef = B3879B381E7F6C1F009C3185 /* Tutorial.sks */; };
		B3879B3F1E7FFD6A009C3185 /* Tutorial.swift in Sources */ = {isa = PBXBuildFile; fileRef = B3879B3E1E7FFD6A009C3185 /* Tutorial.swift */; };
		B3879B4B1E800A6B009C3185 /* next.png in Resources */ = {isa = PBXBuildFile; fileRef = B3879B4A1E800A6B009C3185 /* next.png */; };
		B389A93F1E8FDC62003DD042 /* images.xcassets in Resources */ = {isa = PBXBuildFile; fileRef = B389A93E1E8FDC62003DD042 /* images.xcassets */; };
		B38B544E1E477F1600508244 /* actionj.ttf in Resources */ = {isa = PBXBuildFile; fileRef = B38B544D1E477F1600508244 /* actionj.ttf */; };
		B39F06A11E98D47A00B2A6B7 /* missed sound.mp3 in Resources */ = {isa = PBXBuildFile; fileRef = B39F069E1E98D47A00B2A6B7 /* missed sound.mp3 */; };
		B39F06A21E98D47A00B2A6B7 /* game music.mp3 in Resources */ = {isa = PBXBuildFile; fileRef = B39F069F1E98D47A00B2A6B7 /* game music.mp3 */; };
		B39F06A31E98D47A00B2A6B7 /* eat coin.mp3 in Resources */ = {isa = PBXBuildFile; fileRef = B39F06A01E98D47A00B2A6B7 /* eat coin.mp3 */; };
		B3A32C7C1E6908F2004CD70C /* bg2.png in Resources */ = {isa = PBXBuildFile; fileRef = B3A32C7B1E6908F2004CD70C /* bg2.png */; };
		B3A61E3C1E97DC800099B2FA /* GameSounds.swift in Sources */ = {isa = PBXBuildFile; fileRef = B3A61E3B1E97DC800099B2FA /* GameSounds.swift */; };
		B3B60B3B1E6AD90C00665700 /* MenuScene.sks in Resources */ = {isa = PBXBuildFile; fileRef = B3B60B3A1E6AD90C00665700 /* MenuScene.sks */; };
		B3B60B3D1E6ADA5A00665700 /* MenuScene.swift in Sources */ = {isa = PBXBuildFile; fileRef = B3B60B3C1E6ADA5A00665700 /* MenuScene.swift */; };
		B3B60B401E6B0EA300665700 /* GameOver.sks in Resources */ = {isa = PBXBuildFile; fileRef = B3B60B3F1E6B0EA300665700 /* GameOver.sks */; };
		B3B60B441E6B107700665700 /* GameOver.swift in Sources */ = {isa = PBXBuildFile; fileRef = B3B60B431E6B107700665700 /* GameOver.swift */; };
		B3DFF1ED1E91106B0000A2A4 /* Launch Screen.storyboard in Resources */ = {isa = PBXBuildFile; fileRef = B3DFF1EC1E91106B0000A2A4 /* Launch Screen.storyboard */; };
		B3E4E5A91E98BC0C00C7E916 /* GoogleService-Info.plist in Resources */ = {isa = PBXBuildFile; fileRef = B3E4E5A81E98BC0C00C7E916 /* GoogleService-Info.plist */; };
		B3E4E5AD1E98C14A00C7E916 /* GoogleMobileAds.framework in Frameworks */ = {isa = PBXBuildFile; fileRef = B3E4E5AC1E98C14A00C7E916 /* GoogleMobileAds.framework */; };
/* End PBXBuildFile section */

/* Begin PBXFileReference section */
		B34925191E0F9EB300C2916E /* Color Mix.app */ = {isa = PBXFileReference; explicitFileType = wrapper.application; includeInIndex = 0; path = "Color Mix.app"; sourceTree = BUILT_PRODUCTS_DIR; };
		B349251C1E0F9EB300C2916E /* AppDelegate.swift */ = {isa = PBXFileReference; lastKnownFileType = sourcecode.swift; path = AppDelegate.swift; sourceTree = "<group>"; };
		B349251E1E0F9EB300C2916E /* GameScene.sks */ = {isa = PBXFileReference; lastKnownFileType = file.sks; path = GameScene.sks; sourceTree = "<group>"; };
		B34925201E0F9EB300C2916E /* Actions.sks */ = {isa = PBXFileReference; lastKnownFileType = file.sks; path = Actions.sks; sourceTree = "<group>"; };
		B34925221E0F9EB300C2916E /* GameScene.swift */ = {isa = PBXFileReference; lastKnownFileType = sourcecode.swift; path = GameScene.swift; sourceTree = "<group>"; xcLanguageSpecificationIdentifier = xcode.lang.swift; };
		B34925241E0F9EB300C2916E /* GameViewController.swift */ = {isa = PBXFileReference; lastKnownFileType = sourcecode.swift; path = GameViewController.swift; sourceTree = "<group>"; };
		B34925271E0F9EB300C2916E /* Base */ = {isa = PBXFileReference; lastKnownFileType = file.storyboard; name = Base; path = Base.lproj/Main.storyboard; sourceTree = "<group>"; };
		B349252E1E0F9EB300C2916E /* Info.plist */ = {isa = PBXFileReference; lastKnownFileType = text.plist.xml; path = Info.plist; sourceTree = "<group>"; };
		B34FB6521EA1026D00CEB147 /* tut1.png */ = {isa = PBXFileReference; lastKnownFileType = image.png; path = tut1.png; sourceTree = "<group>"; };
		B34FB6531EA1026D00CEB147 /* tut2.png */ = {isa = PBXFileReference; lastKnownFileType = image.png; path = tut2.png; sourceTree = "<group>"; };
		B34FB6541EA1026D00CEB147 /* tut3.png */ = {isa = PBXFileReference; lastKnownFileType = image.png; path = tut3.png; sourceTree = "<group>"; };
		B34FB6551EA1026D00CEB147 /* tut4.png */ = {isa = PBXFileReference; lastKnownFileType = image.png; path = tut4.png; sourceTree = "<group>"; };
		B34FB6561EA1026D00CEB147 /* tut5.png */ = {isa = PBXFileReference; lastKnownFileType = image.png; path = tut5.png; sourceTree = "<group>"; };
		B34FB6581EA1026D00CEB147 /* tut7.png */ = {isa = PBXFileReference; lastKnownFileType = image.png; path = tut7.png; sourceTree = "<group>"; };
		B34FB6591EA1026D00CEB147 /* tut8.png */ = {isa = PBXFileReference; lastKnownFileType = image.png; path = tut8.png; sourceTree = "<group>"; };
		B34FB65A1EA1026D00CEB147 /* tut9.png */ = {isa = PBXFileReference; lastKnownFileType = image.png; path = tut9.png; sourceTree = "<group>"; };
		B34FB6641EA1056300CEB147 /* tut6.png */ = {isa = PBXFileReference; lastKnownFileType = image.png; path = tut6.png; sourceTree = "<group>"; };
		B35BC13B1E90C43A00CA88EF /* Default-568h@2x.png */ = {isa = PBXFileReference; lastKnownFileType = image.png; path = "Default-568h@2x.png"; sourceTree = "<group>"; };
		B3879B381E7F6C1F009C3185 /* Tutorial.sks */ = {isa = PBXFileReference; lastKnownFileType = file.sks; path = Tutorial.sks; sourceTree = "<group>"; };
		B3879B3E1E7FFD6A009C3185 /* Tutorial.swift */ = {isa = PBXFileReference; fileEncoding = 4; lastKnownFileType = sourcecode.swift; path = Tutorial.swift; sourceTree = "<group>"; };
		B3879B4A1E800A6B009C3185 /* next.png */ = {isa = PBXFileReference; lastKnownFileType = image.png; path = next.png; sourceTree = "<group>"; };
		B389A93E1E8FDC62003DD042 /* images.xcassets */ = {isa = PBXFileReference; lastKnownFileType = folder.assetcatalog; path = images.xcassets; sourceTree = "<group>"; };
		B38B544D1E477F1600508244 /* actionj.ttf */ = {isa = PBXFileReference; lastKnownFileType = file; path = actionj.ttf; sourceTree = "<group>"; };
		B39F069E1E98D47A00B2A6B7 /* missed sound.mp3 */ = {isa = PBXFileReference; lastKnownFileType = audio.mp3; path = "missed sound.mp3"; sourceTree = "<group>"; };
		B39F069F1E98D47A00B2A6B7 /* game music.mp3 */ = {isa = PBXFileReference; lastKnownFileType = audio.mp3; path = "game music.mp3"; sourceTree = "<group>"; };
		B39F06A01E98D47A00B2A6B7 /* eat coin.mp3 */ = {isa = PBXFileReference; lastKnownFileType = audio.mp3; path = "eat coin.mp3"; sourceTree = "<group>"; };
		B3A32C7B1E6908F2004CD70C /* bg2.png */ = {isa = PBXFileReference; lastKnownFileType = image.png; path = bg2.png; sourceTree = "<group>"; };
		B3A61E3B1E97DC800099B2FA /* GameSounds.swift */ = {isa = PBXFileReference; fileEncoding = 4; lastKnownFileType = sourcecode.swift; path = GameSounds.swift; sourceTree = "<group>"; };
		B3B60B3A1E6AD90C00665700 /* MenuScene.sks */ = {isa = PBXFileReference; lastKnownFileType = file.sks; path = MenuScene.sks; sourceTree = "<group>"; };
		B3B60B3C1E6ADA5A00665700 /* MenuScene.swift */ = {isa = PBXFileReference; fileEncoding = 4; lastKnownFileType = sourcecode.swift; path = MenuScene.swift; sourceTree = "<group>"; };
		B3B60B3F1E6B0EA300665700 /* GameOver.sks */ = {isa = PBXFileReference; lastKnownFileType = file.sks; path = GameOver.sks; sourceTree = "<group>"; };
		B3B60B431E6B107700665700 /* GameOver.swift */ = {isa = PBXFileReference; fileEncoding = 4; lastKnownFileType = sourcecode.swift; path = GameOver.swift; sourceTree = "<group>"; };
		B3DFF1EC1E91106B0000A2A4 /* Launch Screen.storyboard */ = {isa = PBXFileReference; fileEncoding = 4; lastKnownFileType = file.storyboard; path = "Launch Screen.storyboard"; sourceTree = "<group>"; };
		B3E4E5A81E98BC0C00C7E916 /* GoogleService-Info.plist */ = {isa = PBXFileReference; fileEncoding = 4; lastKnownFileType = text.plist.xml; path = "GoogleService-Info.plist"; sourceTree = "<group>"; };
		B3E4E5AC1E98C14A00C7E916 /* GoogleMobileAds.framework */ = {isa = PBXFileReference; lastKnownFileType = wrapper.framework; path = GoogleMobileAds.framework; sourceTree = "<group>"; };
/* End PBXFileReference section */

/* Begin PBXFrameworksBuildPhase section */
		B34925161E0F9EB300C2916E /* Frameworks */ = {
			isa = PBXFrameworksBuildPhase;
			buildActionMask = 2147483647;
			files = (
				B3E4E5AD1E98C14A00C7E916 /* GoogleMobileAds.framework in Frameworks */,
			);
			runOnlyForDeploymentPostprocessing = 0;
		};
/* End PBXFrameworksBuildPhase section */

/* Begin PBXGroup section */
		B34925101E0F9EB300C2916E = {
			isa = PBXGroup;
			children = (
				B35BC13B1E90C43A00CA88EF /* Default-568h@2x.png */,
				B349251B1E0F9EB300C2916E /* minigame 2 */,
				B349251A1E0F9EB300C2916E /* Products */,
			);
			sourceTree = "<group>";
		};
		B349251A1E0F9EB300C2916E /* Products */ = {
			isa = PBXGroup;
			children = (
				B34925191E0F9EB300C2916E /* Color Mix.app */,
			);
			name = Products;
			sourceTree = "<group>";
		};
		B349251B1E0F9EB300C2916E /* minigame 2 */ = {
			isa = PBXGroup;
			children = (
				B3E4E5AC1E98C14A00C7E916 /* GoogleMobileAds.framework */,
				B3E4E5A81E98BC0C00C7E916 /* GoogleService-Info.plist */,
				B34925261E0F9EB300C2916E /* Main.storyboard */,
				B389A93E1E8FDC62003DD042 /* images.xcassets */,
				B349251C1E0F9EB300C2916E /* AppDelegate.swift */,
				B34925241E0F9EB300C2916E /* GameViewController.swift */,
				B3A32C7E1E694E43004CD70C /* Game */,
				B34925201E0F9EB300C2916E /* Actions.sks */,
				B3A61E3E1E97DC8F0099B2FA /* GameSounds */,
				B3F87E861EA20020006BA525 /* Tutorial */,
				B39730BA1E6BADA5008568DC /* GameOver */,
				B3B60B3E1E6B0E8D00665700 /* Menu */,
				B34FB6521EA1026D00CEB147 /* tut1.png */,
				B34FB6531EA1026D00CEB147 /* tut2.png */,
				B34FB6541EA1026D00CEB147 /* tut3.png */,
				B34FB6551EA1026D00CEB147 /* tut4.png */,
				B34FB6561EA1026D00CEB147 /* tut5.png */,
				B34FB6641EA1056300CEB147 /* tut6.png */,
				B34FB6581EA1026D00CEB147 /* tut7.png */,
				B34FB6591EA1026D00CEB147 /* tut8.png */,
				B34FB65A1EA1026D00CEB147 /* tut9.png */,
				B38B544D1E477F1600508244 /* actionj.ttf */,
				B3A32C7B1E6908F2004CD70C /* bg2.png */,
				B3879B4A1E800A6B009C3185 /* next.png */,
				B349252E1E0F9EB300C2916E /* Info.plist */,
				B3DFF1EC1E91106B0000A2A4 /* Launch Screen.storyboard */,
			);
			path = "minigame 2";
			sourceTree = "<group>";
		};
		B39730BA1E6BADA5008568DC /* GameOver */ = {
			isa = PBXGroup;
			children = (
				B3B60B3F1E6B0EA300665700 /* GameOver.sks */,
				B3B60B431E6B107700665700 /* GameOver.swift */,
			);
			name = GameOver;
			sourceTree = "<group>";
		};
		B3A32C7E1E694E43004CD70C /* Game */ = {
			isa = PBXGroup;
			children = (
				B349251E1E0F9EB300C2916E /* GameScene.sks */,
				B34925221E0F9EB300C2916E /* GameScene.swift */,
			);
			name = Game;
			sourceTree = "<group>";
		};
		B3A61E3E1E97DC8F0099B2FA /* GameSounds */ = {
			isa = PBXGroup;
			children = (
				B39F069E1E98D47A00B2A6B7 /* missed sound.mp3 */,
				B39F069F1E98D47A00B2A6B7 /* game music.mp3 */,
				B39F06A01E98D47A00B2A6B7 /* eat coin.mp3 */,
				B3A61E3B1E97DC800099B2FA /* GameSounds.swift */,
			);
			name = GameSounds;
			sourceTree = "<group>";
		};
		B3B60B3E1E6B0E8D00665700 /* Menu */ = {
			isa = PBXGroup;
			children = (
				B3B60B3A1E6AD90C00665700 /* MenuScene.sks */,
				B3B60B3C1E6ADA5A00665700 /* MenuScene.swift */,
			);
			name = Menu;
			sourceTree = "<group>";
		};
		B3F87E861EA20020006BA525 /* Tutorial */ = {
			isa = PBXGroup;
			children = (
				B3879B381E7F6C1F009C3185 /* Tutorial.sks */,
				B3879B3E1E7FFD6A009C3185 /* Tutorial.swift */,
			);
			name = Tutorial;
			sourceTree = "<group>";
		};
/* End PBXGroup section */

/* Begin PBXNativeTarget section */
		B34925181E0F9EB300C2916E /* Color Mix */ = {
			isa = PBXNativeTarget;
			buildConfigurationList = B34925311E0F9EB300C2916E /* Build configuration list for PBXNativeTarget "Color Mix" */;
			buildPhases = (
				B34925151E0F9EB300C2916E /* Sources */,
				B34925161E0F9EB300C2916E /* Frameworks */,
				B34925171E0F9EB300C2916E /* Resources */,
			);
			buildRules = (
			);
			dependencies = (
			);
			name = "Color Mix";
			productName = "minigame 2";
			productReference = B34925191E0F9EB300C2916E /* Color Mix.app */;
			productType = "com.apple.product-type.application";
		};
/* End PBXNativeTarget section */

/* Begin PBXProject section */
		B34925111E0F9EB300C2916E /* Project object */ = {
			isa = PBXProject;
			attributes = {
				LastSwiftUpdateCheck = 0800;
				LastUpgradeCheck = 0830;
				ORGANIZATIONNAME = "HI Entertainment";
				TargetAttributes = {
					B34925181E0F9EB300C2916E = {
						CreatedOnToolsVersion = 8.0;
						DevelopmentTeam = SL6BN7NGCD;
						DevelopmentTeamName = "Ha Bui";
						ProvisioningStyle = Automatic;
					};
				};
			};
			buildConfigurationList = B34925141E0F9EB300C2916E /* Build configuration list for PBXProject "Color Mix" */;
			compatibilityVersion = "Xcode 3.2";
			developmentRegion = English;
			hasScannedForEncodings = 0;
			knownRegions = (
				en,
				Base,
			);
			mainGroup = B34925101E0F9EB300C2916E;
			productRefGroup = B349251A1E0F9EB300C2916E /* Products */;
			projectDirPath = "";
			projectRoot = "";
			targets = (
				B34925181E0F9EB300C2916E /* Color Mix */,
			);
		};
/* End PBXProject section */

/* Begin PBXResourcesBuildPhase section */
		B34925171E0F9EB300C2916E /* Resources */ = {
			isa = PBXResourcesBuildPhase;
			buildActionMask = 2147483647;
			files = (
				B34925281E0F9EB300C2916E /* Main.storyboard in Resources */,
				B34FB65B1EA1026D00CEB147 /* tut1.png in Resources */,
				B34FB65C1EA1026D00CEB147 /* tut2.png in Resources */,
				B389A93F1E8FDC62003DD042 /* images.xcassets in Resources */,
				B3DFF1ED1E91106B0000A2A4 /* Launch Screen.storyboard in Resources */,
				B34FB65F1EA1026D00CEB147 /* tut5.png in Resources */,
				B349251F1E0F9EB300C2916E /* GameScene.sks in Resources */,
				B38B544E1E477F1600508244 /* actionj.ttf in Resources */,
				B34FB6621EA1026D00CEB147 /* tut8.png in Resources */,
				B3879B391E7F6C1F009C3185 /* Tutorial.sks in Resources */,
				B3A32C7C1E6908F2004CD70C /* bg2.png in Resources */,
				B34FB6651EA1056300CEB147 /* tut6.png in Resources */,
				B39F06A11E98D47A00B2A6B7 /* missed sound.mp3 in Resources */,
				B3879B4B1E800A6B009C3185 /* next.png in Resources */,
				B34925211E0F9EB300C2916E /* Actions.sks in Resources */,
				B34FB65D1EA1026D00CEB147 /* tut3.png in Resources */,
				B34FB6631EA1026D00CEB147 /* tut9.png in Resources */,
				B34FB6611EA1026D00CEB147 /* tut7.png in Resources */,
				B39F06A31E98D47A00B2A6B7 /* eat coin.mp3 in Resources */,
				B3E4E5A91E98BC0C00C7E916 /* GoogleService-Info.plist in Resources */,
				B35BC13C1E90C43A00CA88EF /* Default-568h@2x.png in Resources */,
				B34FB65E1EA1026D00CEB147 /* tut4.png in Resources */,
				B3B60B401E6B0EA300665700 /* GameOver.sks in Resources */,
				B3B60B3B1E6AD90C00665700 /* MenuScene.sks in Resources */,
				B39F06A21E98D47A00B2A6B7 /* game music.mp3 in Resources */,
			);
			runOnlyForDeploymentPostprocessing = 0;
		};
/* End PBXResourcesBuildPhase section */

/* Begin PBXSourcesBuildPhase section */
		B34925151E0F9EB300C2916E /* Sources */ = {
			isa = PBXSourcesBuildPhase;
			buildActionMask = 2147483647;
			files = (
				B34925231E0F9EB300C2916E /* GameScene.swift in Sources */,
				B3879B3F1E7FFD6A009C3185 /* Tutorial.swift in Sources */,
				B3B60B3D1E6ADA5A00665700 /* MenuScene.swift in Sources */,
				B3A61E3C1E97DC800099B2FA /* GameSounds.swift in Sources */,
				B34925251E0F9EB300C2916E /* GameViewController.swift in Sources */,
				B3B60B441E6B107700665700 /* GameOver.swift in Sources */,
				B349251D1E0F9EB300C2916E /* AppDelegate.swift in Sources */,
			);
			runOnlyForDeploymentPostprocessing = 0;
		};
/* End PBXSourcesBuildPhase section */

/* Begin PBXVariantGroup section */
		B34925261E0F9EB300C2916E /* Main.storyboard */ = {
			isa = PBXVariantGroup;
			children = (
				B34925271E0F9EB300C2916E /* Base */,
			);
			name = Main.storyboard;
			sourceTree = "<group>";
		};
/* End PBXVariantGroup section */

/* Begin XCBuildConfiguration section */
		B349252F1E0F9EB300C2916E /* Debug */ = {
			isa = XCBuildConfiguration;
			buildSettings = {
				ALWAYS_SEARCH_USER_PATHS = NO;
				CLANG_ANALYZER_NONNULL = YES;
				CLANG_CXX_LANGUAGE_STANDARD = "gnu++0x";
				CLANG_CXX_LIBRARY = "libc++";
				CLANG_ENABLE_MODULES = YES;
				CLANG_ENABLE_OBJC_ARC = YES;
				CLANG_WARN_BOOL_CONVERSION = YES;
				CLANG_WARN_CONSTANT_CONVERSION = YES;
				CLANG_WARN_DIRECT_OBJC_ISA_USAGE = YES_ERROR;
				CLANG_WARN_DOCUMENTATION_COMMENTS = YES;
				CLANG_WARN_EMPTY_BODY = YES;
				CLANG_WARN_ENUM_CONVERSION = YES;
				CLANG_WARN_INFINITE_RECURSION = YES;
				CLANG_WARN_INT_CONVERSION = YES;
				CLANG_WARN_OBJC_ROOT_CLASS = YES_ERROR;
				CLANG_WARN_SUSPICIOUS_MOVE = YES;
				CLANG_WARN_UNREACHABLE_CODE = YES;
				CLANG_WARN__DUPLICATE_METHOD_MATCH = YES;
				"CODE_SIGN_IDENTITY[sdk=iphoneos*]" = "iPhone Developer";
				COPY_PHASE_STRIP = NO;
				DEBUG_INFORMATION_FORMAT = dwarf;
				ENABLE_BITCODE = NO;
				ENABLE_STRICT_OBJC_MSGSEND = YES;
				ENABLE_TESTABILITY = YES;
				"FRAMEWORK_SEARCH_PATHS[arch=*]" = "/Users/buithuha/Downloads/GoogleMobileAdsSdkiOS-7.19.0";
				GCC_C_LANGUAGE_STANDARD = gnu99;
				GCC_DYNAMIC_NO_PIC = NO;
				GCC_NO_COMMON_BLOCKS = YES;
				GCC_OPTIMIZATION_LEVEL = 0;
				GCC_PREPROCESSOR_DEFINITIONS = (
					"DEBUG=1",
					"$(inherited)",
				);
				GCC_WARN_64_TO_32_BIT_CONVERSION = YES;
				GCC_WARN_ABOUT_RETURN_TYPE = YES_ERROR;
				GCC_WARN_UNDECLARED_SELECTOR = YES;
				GCC_WARN_UNINITIALIZED_AUTOS = YES_AGGRESSIVE;
				GCC_WARN_UNUSED_FUNCTION = YES;
				GCC_WARN_UNUSED_VARIABLE = YES;
				IPHONEOS_DEPLOYMENT_TARGET = 9.0;
				MTL_ENABLE_DEBUG_INFO = YES;
				ONLY_ACTIVE_ARCH = YES;
				SDKROOT = iphoneos;
				SWIFT_ACTIVE_COMPILATION_CONDITIONS = DEBUG;
				SWIFT_OPTIMIZATION_LEVEL = "-Onone";
				TARGETED_DEVICE_FAMILY = "1,2";
			};
			name = Debug;
		};
		B34925301E0F9EB300C2916E /* Release */ = {
			isa = XCBuildConfiguration;
			buildSettings = {
				ALWAYS_SEARCH_USER_PATHS = NO;
				CLANG_ANALYZER_NONNULL = YES;
				CLANG_CXX_LANGUAGE_STANDARD = "gnu++0x";
				CLANG_CXX_LIBRARY = "libc++";
				CLANG_ENABLE_MODULES = YES;
				CLANG_ENABLE_OBJC_ARC = YES;
				CLANG_WARN_BOOL_CONVERSION = YES;
				CLANG_WARN_CONSTANT_CONVERSION = YES;
				CLANG_WARN_DIRECT_OBJC_ISA_USAGE = YES_ERROR;
				CLANG_WARN_DOCUMENTATION_COMMENTS = YES;
				CLANG_WARN_EMPTY_BODY = YES;
				CLANG_WARN_ENUM_CONVERSION = YES;
				CLANG_WARN_INFINITE_RECURSION = YES;
				CLANG_WARN_INT_CONVERSION = YES;
				CLANG_WARN_OBJC_ROOT_CLASS = YES_ERROR;
				CLANG_WARN_SUSPICIOUS_MOVE = YES;
				CLANG_WARN_UNREACHABLE_CODE = YES;
				CLANG_WARN__DUPLICATE_METHOD_MATCH = YES;
				"CODE_SIGN_IDENTITY[sdk=iphoneos*]" = "iPhone Developer";
				COPY_PHASE_STRIP = NO;
				DEBUG_INFORMATION_FORMAT = "dwarf-with-dsym";
				ENABLE_BITCODE = NO;
				ENABLE_NS_ASSERTIONS = NO;
				ENABLE_STRICT_OBJC_MSGSEND = YES;
				"FRAMEWORK_SEARCH_PATHS[arch=*]" = "/Users/buithuha/Downloads/GoogleMobileAdsSdkiOS-7.19.0";
				GCC_C_LANGUAGE_STANDARD = gnu99;
				GCC_NO_COMMON_BLOCKS = YES;
				GCC_WARN_64_TO_32_BIT_CONVERSION = YES;
				GCC_WARN_ABOUT_RETURN_TYPE = YES_ERROR;
				GCC_WARN_UNDECLARED_SELECTOR = YES;
				GCC_WARN_UNINITIALIZED_AUTOS = YES_AGGRESSIVE;
				GCC_WARN_UNUSED_FUNCTION = YES;
				GCC_WARN_UNUSED_VARIABLE = YES;
				IPHONEOS_DEPLOYMENT_TARGET = 9.0;
				MTL_ENABLE_DEBUG_INFO = NO;
				SDKROOT = iphoneos;
				SWIFT_OPTIMIZATION_LEVEL = "-Owholemodule";
				TARGETED_DEVICE_FAMILY = "1,2";
				VALIDATE_PRODUCT = YES;
			};
			name = Release;
		};
		B34925321E0F9EB300C2916E /* Debug */ = {
			isa = XCBuildConfiguration;
			buildSettings = {
				ASSETCATALOG_COMPILER_APPICON_NAME = AppIcon;
				DEBUG_ACTIVITY_MODE = "";
				"DEBUG_ACTIVITY_MODE[sdk=iphonesimulator*]" = disable;
				DEVELOPMENT_TEAM = SL6BN7NGCD;
				FRAMEWORK_SEARCH_PATHS = (
					"$(inherited)",
					"$(PROJECT_DIR)/minigame\\ 2",
					"$(PROJECT_DIR)/minigame\\ 2",
					"$(PROJECT_DIR)/minigame\\ 2",
				);
				INFOPLIST_FILE = "minigame 2/Info.plist";
				LD_RUNPATH_SEARCH_PATHS = "$(inherited) @executable_path/Frameworks";
				PRODUCT_BUNDLE_IDENTIFIER = HIEntertainment.ColorMix;
				PRODUCT_NAME = "$(TARGET_NAME)";
				SWIFT_VERSION = 3.0;
				TARGETED_DEVICE_FAMILY = "1,2";
			};
			name = Debug;
		};
		B34925331E0F9EB300C2916E /* Release */ = {
			isa = XCBuildConfiguration;
			buildSettings = {
				ASSETCATALOG_COMPILER_APPICON_NAME = AppIcon;
				DEBUG_ACTIVITY_MODE = "";
				DEVELOPMENT_TEAM = SL6BN7NGCD;
				FRAMEWORK_SEARCH_PATHS = (
					"$(inherited)",
					"$(PROJECT_DIR)/minigame\\ 2",
					"$(PROJECT_DIR)/minigame\\ 2",
					"$(PROJECT_DIR)/minigame\\ 2",
				);
				INFOPLIST_FILE = "minigame 2/Info.plist";
				LD_RUNPATH_SEARCH_PATHS = "$(inherited) @executable_path/Frameworks";
				PRODUCT_BUNDLE_IDENTIFIER = HIEntertainment.ColorMix;
				PRODUCT_NAME = "$(TARGET_NAME)";
				SWIFT_VERSION = 3.0;
				TARGETED_DEVICE_FAMILY = "1,2";
			};
			name = Release;
		};
/* End XCBuildConfiguration section */

/* Begin XCConfigurationList section */
		B34925141E0F9EB300C2916E /* Build configuration list for PBXProject "Color Mix" */ = {
			isa = XCConfigurationList;
			buildConfigurations = (
				B349252F1E0F9EB300C2916E /* Debug */,
				B34925301E0F9EB300C2916E /* Release */,
			);
			defaultConfigurationIsVisible = 0;
			defaultConfigurationName = Release;
		};
		B34925311E0F9EB300C2916E /* Build configuration list for PBXNativeTarget "Color Mix" */ = {
			isa = XCConfigurationList;
			buildConfigurations = (
				B34925321E0F9EB300C2916E /* Debug */,
				B34925331E0F9EB300C2916E /* Release */,
			);
			defaultConfigurationIsVisible = 0;
			defaultConfigurationName = Release;
		};
/* End XCConfigurationList section */
	};
	rootObject = B34925111E0F9EB300C2916E /* Project object */;
}
